
Microsoft Visual Studio Solution File, Format Version 12.00
# Visual Studio Version 17
VisualStudioVersion = 17.8.34511.84
MinimumVisualStudioVersion = 10.0.40219.1
Project("{FAE04EC0-301F-11D3-BF4B-00C04F79EFBC}") = "SPM_ASSIGNMENT", "SPM_ASSIGNMENT\SPM_ASSIGNMENT.csproj", "{BDD6C61F-909A-4BDC-92D9-880927B3541B}"
EndProject
Global
	GlobalSection(SolutionConfigurationPlatforms) = preSolution
		Debug|Any CPU = Debug|Any CPU
		Release|Any CPU = Release|Any CPU
	EndGlobalSection
	GlobalSection(ProjectConfigurationPlatforms) = postSolution
		{BDD6C61F-909A-4BDC-92D9-880927B3541B}.Debug|Any CPU.ActiveCfg = Debug|Any CPU
		{BDD6C61F-909A-4BDC-92D9-880927B3541B}.Debug|Any CPU.Build.0 = Debug|Any CPU
		{BDD6C61F-909A-4BDC-92D9-880927B3541B}.Release|Any CPU.ActiveCfg = Release|Any CPU
		{BDD6C61F-909A-4BDC-92D9-880927B3541B}.Release|Any CPU.Build.0 = Release|Any CPU
	EndGlobalSection
	GlobalSection(SolutionProperties) = preSolution
		HideSolutionNode = FALSE
	EndGlobalSection
	GlobalSection(ExtensibilityGlobals) = postSolution
		SolutionGuid = {E95A644C-0420-4BE6-936C-830D4F10E064}
	EndGlobalSection
EndGlobal
